{
  "originHash" : "ee1195d7a98eddf416adb589294e2e081898124dcb0ea4356e0933c158bfdcdc",
  "pins" : [
    {
      "identity" : "reactiveswift",
      "kind" : "remoteSourceControl",
      "location" : "https://github.com/ReactiveCocoa/ReactiveSwift.git",
      "state" : {
        "revision" : "40c465af19b993344e84355c00669ba2022ca3cd",
        "version" : "7.1.1"
      }
    }
  ],
  "version" : 3
}
