// !$*UTF8*$!
{
	archiveVersion = 1;
	classes = {
	};
	objectVersion = 50;
	objects = {

/* Begin PBXBuildFile section */
		578CEE9021B20FB10030F599 /* AppDelegate.swift in Sources */ = {isa = PBXBuildFile; fileRef = 578CEE8F21B20FB10030F599 /* AppDelegate.swift */; };
		578CEE9721B20FB10030F599 /* Assets.xcassets in Resources */ = {isa = PBXBuildFile; fileRef = 578CEE9621B20FB10030F599 /* Assets.xcassets */; };
		578CEE9A21B20FB10030F599 /* LaunchScreen.storyboard in Resources */ = {isa = PBXBuildFile; fileRef = 578CEE9821B20FB10030F599 /* LaunchScreen.storyboard */; };
		578CEEA421B210420030F599 /* ImageFetcher.swift in Sources */ = {isa = PBXBuildFile; fileRef = 578CEEA121B210420030F599 /* ImageFetcher.swift */; };
		578CEEA521B210420030F599 /* FlickrImageData.swift in Sources */ = {isa = PBXBuildFile; fileRef = 578CEEA221B210420030F599 /* FlickrImageData.swift */; };
		578CEEA621B210420030F599 /* ImagesViewController.swift in Sources */ = {isa = PBXBuildFile; fileRef = 578CEEA321B210420030F599 /* ImagesViewController.swift */; };
		578CEEAD21B210B40030F599 /* ReactiveCocoa.framework in Frameworks */ = {isa = PBXBuildFile; fileRef = 578CEEA921B210B40030F599 /* ReactiveCocoa.framework */; };
		578CEEAE21B210B40030F599 /* AsyncImageView.framework in Frameworks */ = {isa = PBXBuildFile; fileRef = 578CEEAA21B210B40030F599 /* AsyncImageView.framework */; };
		578CEEAF21B210B40030F599 /* Result.framework in Frameworks */ = {isa = PBXBuildFile; fileRef = 578CEEAB21B210B40030F599 /* Result.framework */; };
		578CEEB021B210B40030F599 /* ReactiveSwift.framework in Frameworks */ = {isa = PBXBuildFile; fileRef = 578CEEAC21B210B40030F599 /* ReactiveSwift.framework */; };
		578CEEB221B359AF0030F599 /* FullScreenImageViewController.swift in Sources */ = {isa = PBXBuildFile; fileRef = 578CEEB121B359AF0030F599 /* FullScreenImageViewController.swift */; };
		578CEEB421B359CA0030F599 /* Renderer.swift in Sources */ = {isa = PBXBuildFile; fileRef = 578CEEB321B359CA0030F599 /* Renderer.swift */; };
/* End PBXBuildFile section */

/* Begin PBXFileReference section */
		578CEE8C21B20FB10030F599 /* Example.app */ = {isa = PBXFileReference; explicitFileType = wrapper.application; includeInIndex = 0; path = Example.app; sourceTree = BUILT_PRODUCTS_DIR; };
		578CEE8F21B20FB10030F599 /* AppDelegate.swift */ = {isa = PBXFileReference; lastKnownFileType = sourcecode.swift; path = AppDelegate.swift; sourceTree = "<group>"; };
		578CEE9621B20FB10030F599 /* Assets.xcassets */ = {isa = PBXFileReference; lastKnownFileType = folder.assetcatalog; path = Assets.xcassets; sourceTree = "<group>"; };
		578CEE9921B20FB10030F599 /* Base */ = {isa = PBXFileReference; lastKnownFileType = file.storyboard; name = Base; path = Base.lproj/LaunchScreen.storyboard; sourceTree = "<group>"; };
		578CEE9B21B20FB10030F599 /* Info.plist */ = {isa = PBXFileReference; lastKnownFileType = text.plist.xml; path = Info.plist; sourceTree = "<group>"; };
		578CEEA121B210420030F599 /* ImageFetcher.swift */ = {isa = PBXFileReference; fileEncoding = 4; lastKnownFileType = sourcecode.swift; path = ImageFetcher.swift; sourceTree = "<group>"; };
		578CEEA221B210420030F599 /* FlickrImageData.swift */ = {isa = PBXFileReference; fileEncoding = 4; lastKnownFileType = sourcecode.swift; path = FlickrImageData.swift; sourceTree = "<group>"; };
		578CEEA321B210420030F599 /* ImagesViewController.swift */ = {isa = PBXFileReference; fileEncoding = 4; lastKnownFileType = sourcecode.swift; path = ImagesViewController.swift; sourceTree = "<group>"; };
		578CEEA921B210B40030F599 /* ReactiveCocoa.framework */ = {isa = PBXFileReference; lastKnownFileType = wrapper.framework; name = ReactiveCocoa.framework; path = Carthage/Build/iOS/ReactiveCocoa.framework; sourceTree = "<group>"; };
		578CEEAA21B210B40030F599 /* AsyncImageView.framework */ = {isa = PBXFileReference; lastKnownFileType = wrapper.framework; name = AsyncImageView.framework; path = Carthage/Build/iOS/AsyncImageView.framework; sourceTree = "<group>"; };
		578CEEAB21B210B40030F599 /* Result.framework */ = {isa = PBXFileReference; lastKnownFileType = wrapper.framework; name = Result.framework; path = Carthage/Build/iOS/Result.framework; sourceTree = "<group>"; };
		578CEEAC21B210B40030F599 /* ReactiveSwift.framework */ = {isa = PBXFileReference; lastKnownFileType = wrapper.framework; name = ReactiveSwift.framework; path = Carthage/Build/iOS/ReactiveSwift.framework; sourceTree = "<group>"; };
		578CEEB121B359AF0030F599 /* FullScreenImageViewController.swift */ = {isa = PBXFileReference; lastKnownFileType = sourcecode.swift; path = FullScreenImageViewController.swift; sourceTree = "<group>"; };
		578CEEB321B359CA0030F599 /* Renderer.swift */ = {isa = PBXFileReference; lastKnownFileType = sourcecode.swift; path = Renderer.swift; sourceTree = "<group>"; };
/* End PBXFileReference section */

/* Begin PBXFrameworksBuildPhase section */
		578CEE8921B20FB10030F599 /* Frameworks */ = {
			isa = PBXFrameworksBuildPhase;
			buildActionMask = 2147483647;
			files = (
				578CEEAD21B210B40030F599 /* ReactiveCocoa.framework in Frameworks */,
				578CEEAE21B210B40030F599 /* AsyncImageView.framework in Frameworks */,
				578CEEAF21B210B40030F599 /* Result.framework in Frameworks */,
				578CEEB021B210B40030F599 /* ReactiveSwift.framework in Frameworks */,
			);
			runOnlyForDeploymentPostprocessing = 0;
		};
/* End PBXFrameworksBuildPhase section */

/* Begin PBXGroup section */
		578CEE8321B20FB10030F599 = {
			isa = PBXGroup;
			children = (
				578CEE8F21B20FB10030F599 /* AppDelegate.swift */,
				578CEEA221B210420030F599 /* FlickrImageData.swift */,
				578CEEA121B210420030F599 /* ImageFetcher.swift */,
				578CEEB321B359CA0030F599 /* Renderer.swift */,
				578CEEA321B210420030F599 /* ImagesViewController.swift */,
				578CEEB121B359AF0030F599 /* FullScreenImageViewController.swift */,
				578CEE9621B20FB10030F599 /* Assets.xcassets */,
				578CEE9821B20FB10030F599 /* LaunchScreen.storyboard */,
				578CEE9B21B20FB10030F599 /* Info.plist */,
				578CEE8D21B20FB10030F599 /* Products */,
				578CEEA821B210B30030F599 /* Frameworks */,
			);
			sourceTree = "<group>";
		};
		578CEE8D21B20FB10030F599 /* Products */ = {
			isa = PBXGroup;
			children = (
				578CEE8C21B20FB10030F599 /* Example.app */,
			);
			name = Products;
			sourceTree = "<group>";
		};
		578CEEA821B210B30030F599 /* Frameworks */ = {
			isa = PBXGroup;
			children = (
				578CEEAA21B210B40030F599 /* AsyncImageView.framework */,
				578CEEA921B210B40030F599 /* ReactiveCocoa.framework */,
				578CEEAC21B210B40030F599 /* ReactiveSwift.framework */,
				578CEEAB21B210B40030F599 /* Result.framework */,
			);
			name = Frameworks;
			sourceTree = "<group>";
		};
/* End PBXGroup section */

/* Begin PBXNativeTarget section */
		578CEE8B21B20FB10030F599 /* Example */ = {
			isa = PBXNativeTarget;
			buildConfigurationList = 578CEE9E21B20FB10030F599 /* Build configuration list for PBXNativeTarget "Example" */;
			buildPhases = (
				578CEE8821B20FB10030F599 /* Sources */,
				578CEE8921B20FB10030F599 /* Frameworks */,
				578CEE8A21B20FB10030F599 /* Resources */,
				578CEEA721B2106C0030F599 /* ShellScript */,
			);
			buildRules = (
			);
			dependencies = (
			);
			name = Example;
			productName = Example;
			productReference = 578CEE8C21B20FB10030F599 /* Example.app */;
			productType = "com.apple.product-type.application";
		};
/* End PBXNativeTarget section */

/* Begin PBXProject section */
		578CEE8421B20FB10030F599 /* Project object */ = {
			isa = PBXProject;
			attributes = {
				LastSwiftUpdateCheck = 1010;
				LastUpgradeCheck = 1010;
				ORGANIZATIONNAME = "Nacho Soto";
				TargetAttributes = {
					578CEE8B21B20FB10030F599 = {
						CreatedOnToolsVersion = 10.1;
					};
				};
			};
			buildConfigurationList = 578CEE8721B20FB10030F599 /* Build configuration list for PBXProject "Example" */;
			compatibilityVersion = "Xcode 9.3";
			developmentRegion = en;
			hasScannedForEncodings = 0;
			knownRegions = (
				en,
				Base,
			);
			mainGroup = 578CEE8321B20FB10030F599;
			productRefGroup = 578CEE8D21B20FB10030F599 /* Products */;
			projectDirPath = "";
			projectRoot = "";
			targets = (
				578CEE8B21B20FB10030F599 /* Example */,
			);
		};
/* End PBXProject section */

/* Begin PBXResourcesBuildPhase section */
		578CEE8A21B20FB10030F599 /* Resources */ = {
			isa = PBXResourcesBuildPhase;
			buildActionMask = 2147483647;
			files = (
				578CEE9A21B20FB10030F599 /* LaunchScreen.storyboard in Resources */,
				578CEE9721B20FB10030F599 /* Assets.xcassets in Resources */,
			);
			runOnlyForDeploymentPostprocessing = 0;
		};
/* End PBXResourcesBuildPhase section */

/* Begin PBXShellScriptBuildPhase section */
		578CEEA721B2106C0030F599 /* ShellScript */ = {
			isa = PBXShellScriptBuildPhase;
			buildActionMask = 2147483647;
			files = (
			);
			inputFileListPaths = (
			);
			inputPaths = (
				"$(SRCROOT)/Carthage/Build/iOS/ReactiveCocoa.framework",
				"$(SRCROOT)/Carthage/Build/iOS/ReactiveSwift.framework",
				"$(SRCROOT)/Carthage/Build/iOS/Result.framework",
				"$(SRCROOT)/Carthage/Build/iOS/AsyncImageView.framework",
			);
			outputFileListPaths = (
			);
			outputPaths = (
			);
			runOnlyForDeploymentPostprocessing = 0;
			shellPath = /bin/sh;
			shellScript = "/usr/local/bin/carthage copy-frameworks\n";
		};
/* End PBXShellScriptBuildPhase section */

/* Begin PBXSourcesBuildPhase section */
		578CEE8821B20FB10030F599 /* Sources */ = {
			isa = PBXSourcesBuildPhase;
			buildActionMask = 2147483647;
			files = (
				578CEEA521B210420030F599 /* FlickrImageData.swift in Sources */,
				578CEE9021B20FB10030F599 /* AppDelegate.swift in Sources */,
				578CEEB221B359AF0030F599 /* FullScreenImageViewController.swift in Sources */,
				578CEEA621B210420030F599 /* ImagesViewController.swift in Sources */,
				578CEEB421B359CA0030F599 /* Renderer.swift in Sources */,
				578CEEA421B210420030F599 /* ImageFetcher.swift in Sources */,
			);
			runOnlyForDeploymentPostprocessing = 0;
		};
/* End PBXSourcesBuildPhase section */

/* Begin PBXVariantGroup section */
		578CEE9821B20FB10030F599 /* LaunchScreen.storyboard */ = {
			isa = PBXVariantGroup;
			children = (
				578CEE9921B20FB10030F599 /* Base */,
			);
			name = LaunchScreen.storyboard;
			sourceTree = "<group>";
		};
/* End PBXVariantGroup section */

/* Begin XCBuildConfiguration section */
		578CEE9C21B20FB10030F599 /* Debug */ = {
			isa = XCBuildConfiguration;
			buildSettings = {
				ALWAYS_SEARCH_USER_PATHS = NO;
				CLANG_ANALYZER_NONNULL = YES;
				CLANG_ANALYZER_NUMBER_OBJECT_CONVERSION = YES_AGGRESSIVE;
				CLANG_CXX_LANGUAGE_STANDARD = "gnu++14";
				CLANG_CXX_LIBRARY = "libc++";
				CLANG_ENABLE_MODULES = YES;
				CLANG_ENABLE_OBJC_ARC = YES;
				CLANG_ENABLE_OBJC_WEAK = YES;
				CLANG_WARN_BLOCK_CAPTURE_AUTORELEASING = YES;
				CLANG_WARN_BOOL_CONVERSION = YES;
				CLANG_WARN_COMMA = YES;
				CLANG_WARN_CONSTANT_CONVERSION = YES;
				CLANG_WARN_DEPRECATED_OBJC_IMPLEMENTATIONS = YES;
				CLANG_WARN_DIRECT_OBJC_ISA_USAGE = YES_ERROR;
				CLANG_WARN_DOCUMENTATION_COMMENTS = YES;
				CLANG_WARN_EMPTY_BODY = YES;
				CLANG_WARN_ENUM_CONVERSION = YES;
				CLANG_WARN_INFINITE_RECURSION = YES;
				CLANG_WARN_INT_CONVERSION = YES;
				CLANG_WARN_NON_LITERAL_NULL_CONVERSION = YES;
				CLANG_WARN_OBJC_IMPLICIT_RETAIN_SELF = YES;
				CLANG_WARN_OBJC_LITERAL_CONVERSION = YES;
				CLANG_WARN_OBJC_ROOT_CLASS = YES_ERROR;
				CLANG_WARN_RANGE_LOOP_ANALYSIS = YES;
				CLANG_WARN_STRICT_PROTOTYPES = YES;
				CLANG_WARN_SUSPICIOUS_MOVE = YES;
				CLANG_WARN_UNGUARDED_AVAILABILITY = YES_AGGRESSIVE;
				CLANG_WARN_UNREACHABLE_CODE = YES;
				CLANG_WARN__DUPLICATE_METHOD_MATCH = YES;
				CODE_SIGN_IDENTITY = "iPhone Developer";
				COPY_PHASE_STRIP = NO;
				DEBUG_INFORMATION_FORMAT = dwarf;
				ENABLE_STRICT_OBJC_MSGSEND = YES;
				ENABLE_TESTABILITY = YES;
				GCC_C_LANGUAGE_STANDARD = gnu11;
				GCC_DYNAMIC_NO_PIC = NO;
				GCC_NO_COMMON_BLOCKS = YES;
				GCC_OPTIMIZATION_LEVEL = 0;
				GCC_PREPROCESSOR_DEFINITIONS = (
					"DEBUG=1",
					"$(inherited)",
				);
				GCC_WARN_64_TO_32_BIT_CONVERSION = YES;
				GCC_WARN_ABOUT_RETURN_TYPE = YES_ERROR;
				GCC_WARN_UNDECLARED_SELECTOR = YES;
				GCC_WARN_UNINITIALIZED_AUTOS = YES_AGGRESSIVE;
				GCC_WARN_UNUSED_FUNCTION = YES;
				GCC_WARN_UNUSED_VARIABLE = YES;
				IPHONEOS_DEPLOYMENT_TARGET = 12.1;
				MTL_ENABLE_DEBUG_INFO = INCLUDE_SOURCE;
				MTL_FAST_MATH = YES;
				ONLY_ACTIVE_ARCH = YES;
				SDKROOT = iphoneos;
				SWIFT_ACTIVE_COMPILATION_CONDITIONS = DEBUG;
				SWIFT_OPTIMIZATION_LEVEL = "-Onone";
			};
			name = Debug;
		};
		578CEE9D21B20FB10030F599 /* Release */ = {
			isa = XCBuildConfiguration;
			buildSettings = {
				ALWAYS_SEARCH_USER_PATHS = NO;
				CLANG_ANALYZER_NONNULL = YES;
				CLANG_ANALYZER_NUMBER_OBJECT_CONVERSION = YES_AGGRESSIVE;
				CLANG_CXX_LANGUAGE_STANDARD = "gnu++14";
				CLANG_CXX_LIBRARY = "libc++";
				CLANG_ENABLE_MODULES = YES;
				CLANG_ENABLE_OBJC_ARC = YES;
				CLANG_ENABLE_OBJC_WEAK = YES;
				CLANG_WARN_BLOCK_CAPTURE_AUTORELEASING = YES;
				CLANG_WARN_BOOL_CONVERSION = YES;
				CLANG_WARN_COMMA = YES;
				CLANG_WARN_CONSTANT_CONVERSION = YES;
				CLANG_WARN_DEPRECATED_OBJC_IMPLEMENTATIONS = YES;
				CLANG_WARN_DIRECT_OBJC_ISA_USAGE = YES_ERROR;
				CLANG_WARN_DOCUMENTATION_COMMENTS = YES;
				CLANG_WARN_EMPTY_BODY = YES;
				CLANG_WARN_ENUM_CONVERSION = YES;
				CLANG_WARN_INFINITE_RECURSION = YES;
				CLANG_WARN_INT_CONVERSION = YES;
				CLANG_WARN_NON_LITERAL_NULL_CONVERSION = YES;
				CLANG_WARN_OBJC_IMPLICIT_RETAIN_SELF = YES;
				CLANG_WARN_OBJC_LITERAL_CONVERSION = YES;
				CLANG_WARN_OBJC_ROOT_CLASS = YES_ERROR;
				CLANG_WARN_RANGE_LOOP_ANALYSIS = YES;
				CLANG_WARN_STRICT_PROTOTYPES = YES;
				CLANG_WARN_SUSPICIOUS_MOVE = YES;
				CLANG_WARN_UNGUARDED_AVAILABILITY = YES_AGGRESSIVE;
				CLANG_WARN_UNREACHABLE_CODE = YES;
				CLANG_WARN__DUPLICATE_METHOD_MATCH = YES;
				CODE_SIGN_IDENTITY = "iPhone Developer";
				COPY_PHASE_STRIP = NO;
				DEBUG_INFORMATION_FORMAT = "dwarf-with-dsym";
				ENABLE_NS_ASSERTIONS = NO;
				ENABLE_STRICT_OBJC_MSGSEND = YES;
				GCC_C_LANGUAGE_STANDARD = gnu11;
				GCC_NO_COMMON_BLOCKS = YES;
				GCC_WARN_64_TO_32_BIT_CONVERSION = YES;
				GCC_WARN_ABOUT_RETURN_TYPE = YES_ERROR;
				GCC_WARN_UNDECLARED_SELECTOR = YES;
				GCC_WARN_UNINITIALIZED_AUTOS = YES_AGGRESSIVE;
				GCC_WARN_UNUSED_FUNCTION = YES;
				GCC_WARN_UNUSED_VARIABLE = YES;
				IPHONEOS_DEPLOYMENT_TARGET = 12.1;
				MTL_ENABLE_DEBUG_INFO = NO;
				MTL_FAST_MATH = YES;
				SDKROOT = iphoneos;
				SWIFT_COMPILATION_MODE = wholemodule;
				SWIFT_OPTIMIZATION_LEVEL = "-O";
				VALIDATE_PRODUCT = YES;
			};
			name = Release;
		};
		578CEE9F21B20FB10030F599 /* Debug */ = {
			isa = XCBuildConfiguration;
			buildSettings = {
				ASSETCATALOG_COMPILER_APPICON_NAME = AppIcon;
				CODE_SIGN_STYLE = Automatic;
				DEVELOPMENT_TEAM = NGJFY8L3Q4;
				FRAMEWORK_SEARCH_PATHS = (
					"$(inherited)",
					"$(PROJECT_DIR)/Carthage/Build/iOS",
				);
				INFOPLIST_FILE = "$(SRCROOT)/Info.plist";
				LD_RUNPATH_SEARCH_PATHS = (
					"$(inherited)",
					"@executable_path/Frameworks",
				);
				PRODUCT_BUNDLE_IDENTIFIER = com.AsyncImageView.example;
				PRODUCT_NAME = "$(TARGET_NAME)";
				SWIFT_VERSION = 4.2;
				TARGETED_DEVICE_FAMILY = "1,2";
			};
			name = Debug;
		};
		578CEEA021B20FB10030F599 /* Release */ = {
			isa = XCBuildConfiguration;
			buildSettings = {
				ASSETCATALOG_COMPILER_APPICON_NAME = AppIcon;
				CODE_SIGN_STYLE = Automatic;
				DEVELOPMENT_TEAM = NGJFY8L3Q4;
				FRAMEWORK_SEARCH_PATHS = (
					"$(inherited)",
					"$(PROJECT_DIR)/Carthage/Build/iOS",
				);
				INFOPLIST_FILE = "$(SRCROOT)/Info.plist";
				LD_RUNPATH_SEARCH_PATHS = (
					"$(inherited)",
					"@executable_path/Frameworks",
				);
				PRODUCT_BUNDLE_IDENTIFIER = com.AsyncImageView.example;
				PRODUCT_NAME = "$(TARGET_NAME)";
				SWIFT_VERSION = 4.2;
				TARGETED_DEVICE_FAMILY = "1,2";
			};
			name = Release;
		};
/* End XCBuildConfiguration section */

/* Begin XCConfigurationList section */
		578CEE8721B20FB10030F599 /* Build configuration list for PBXProject "Example" */ = {
			isa = XCConfigurationList;
			buildConfigurations = (
				578CEE9C21B20FB10030F599 /* Debug */,
				578CEE9D21B20FB10030F599 /* Release */,
			);
			defaultConfigurationIsVisible = 0;
			defaultConfigurationName = Release;
		};
		578CEE9E21B20FB10030F599 /* Build configuration list for PBXNativeTarget "Example" */ = {
			isa = XCConfigurationList;
			buildConfigurations = (
				578CEE9F21B20FB10030F599 /* Debug */,
				578CEEA021B20FB10030F599 /* Release */,
			);
			defaultConfigurationIsVisible = 0;
			defaultConfigurationName = Release;
		};
/* End XCConfigurationList section */
	};
	rootObject = 578CEE8421B20FB10030F599 /* Project object */;
}
